{
  "name": "Financial Screener",
  "lockfileVersion": 3,
  "requires": true,
  "packages": {
    "": {
      "devDependencies": {
        "@types/lodash": "^4.17.16",
        "@types/react-toastify": "^4.0.2"
      }
    },
    "node_modules/@types/lodash": {
      "version": "4.17.16",
      "resolved": "https://registry.npmjs.org/@types/lodash/-/lodash-4.17.16.tgz",
      "integrity": "sha512-HX7Em5NYQAXKW+1T+FiuG27NGwzJfCX3s1GjOa7ujxZa52kjJLOr4FUxT+giF6Tgxv1e+/czV/iTtBw27WTU9g==",
      "dev": true,
      "license": "MIT"
    },
    "node_modules/@types/react": {
      "version": "19.1.4",
      "resolved": "https://registry.npmjs.org/@types/react/-/react-19.1.4.tgz",
      "integrity": "sha512-EB1yiiYdvySuIITtD5lhW4yPyJ31RkJkkDw794LaQYrxCSaQV/47y5o1FMC4zF9ZyjUjzJMZwbovEnT5yHTW6g==",
      "dev": true,
      "license": "MIT",
      "dependencies": {
        "csstype": "^3.0.2"
      }
    },
    "node_modules/@types/react-toastify": {
      "version": "4.0.2",
      "resolved": "https://registry.npmjs.org/@types/react-toastify/-/react-toastify-4.0.2.tgz",
      "integrity": "sha512-pHjCstnN0ZgopIWQ9UiWsD9n+HsXs1PnMQC4hIZuSzpDO0lRjigpTuqsUtnBkMbLIg+mGFSAsBjL49SspzoLKA==",
      "dev": true,
      "license": "MIT",
      "dependencies": {
        "@types/react": "*",
        "@types/react-transition-group": "*"
      }
    },
    "node_modules/@types/react-transition-group": {
      "version": "4.4.12",
      "resolved": "https://registry.npmjs.org/@types/react-transition-group/-/react-transition-group-4.4.12.tgz",
      "integrity": "sha512-8TV6R3h2j7a91c+1DXdJi3Syo69zzIZbz7Lg5tORM5LEJG7X/E6a1V3drRyBRZq7/utz7A+c4OgYLiLcYGHG6w==",
      "dev": true,
      "license": "MIT",
      "peerDependencies": {
        "@types/react": "*"
      }
    },
    "node_modules/csstype": {
      "version": "3.1.3",
      "resolved": "https://registry.npmjs.org/csstype/-/csstype-3.1.3.tgz",
      "integrity": "sha512-M1uQkMl8rQK/szD0LNhtqxIPLpimGm8sOBwU7lLnCpSbTyY3yeU1Vc7l4KT5zT4s/yOxHH5O7tIuuLOCnLADRw==",
      "dev": true,
      "license": "MIT"
    }
  }
}
